{
  "name": "@alaa-alghazouli/brainkit",
  "version": "2.0.0",
  "lockfileVersion": 3,
  "requires": true,
  "packages": {
    "": {
      "name": "@alaa-alghazouli/brainkit",
      "version": "2.0.0",
      "license": "MIT",
      "bin": {
        "brainkit": "dist/cli.js"
      },
      "engines": {
        "node": ">=18"
      }
    }
  }
}
